// !$*UTF8*$!
{
	archiveVersion = 1;
	classes = {
	};
	objectVersion = 46;
	objects = {

/* Begin PBXBuildFile section */
		A91C806C1A5085980055E57A /* AppDelegate.swift in Sources */ = {isa = PBXBuildFile; fileRef = A91C806B1A5085980055E57A /* AppDelegate.swift */; };
		A91C806E1A5085980055E57A /* ViewController.swift in Sources */ = {isa = PBXBuildFile; fileRef = A91C806D1A5085980055E57A /* ViewController.swift */; };
		A91C80711A5085980055E57A /* Main.storyboard in Resources */ = {isa = PBXBuildFile; fileRef = A91C806F1A5085980055E57A /* Main.storyboard */; };
		A91C80731A5085980055E57A /* Images.xcassets in Resources */ = {isa = PBXBuildFile; fileRef = A91C80721A5085980055E57A /* Images.xcassets */; };
		A91C80761A5085980055E57A /* LaunchScreen.xib in Resources */ = {isa = PBXBuildFile; fileRef = A91C80741A5085980055E57A /* LaunchScreen.xib */; };
		A91C80821A5085980055E57A /* TouchID2Tests.swift in Sources */ = {isa = PBXBuildFile; fileRef = A91C80811A5085980055E57A /* TouchID2Tests.swift */; };
/* End PBXBuildFile section */

/* Begin PBXContainerItemProxy section */
		A91C807C1A5085980055E57A /* PBXContainerItemProxy */ = {
			isa = PBXContainerItemProxy;
			containerPortal = A91C805E1A5085980055E57A /* Project object */;
			proxyType = 1;
			remoteGlobalIDString = A91C80651A5085980055E57A;
			remoteInfo = TouchID2;
		};
/* End PBXContainerItemProxy section */

/* Begin PBXFileReference section */
		A91C80661A5085980055E57A /* TouchID2.app */ = {isa = PBXFileReference; explicitFileType = wrapper.application; includeInIndex = 0; path = TouchID2.app; sourceTree = BUILT_PRODUCTS_DIR; };
		A91C806A1A5085980055E57A /* Info.plist */ = {isa = PBXFileReference; lastKnownFileType = text.plist.xml; path = Info.plist; sourceTree = "<group>"; };
		A91C806B1A5085980055E57A /* AppDelegate.swift */ = {isa = PBXFileReference; lastKnownFileType = sourcecode.swift; path = AppDelegate.swift; sourceTree = "<group>"; };
		A91C806D1A5085980055E57A /* ViewController.swift */ = {isa = PBXFileReference; lastKnownFileType = sourcecode.swift; path = ViewController.swift; sourceTree = "<group>"; };
		A91C80701A5085980055E57A /* Base */ = {isa = PBXFileReference; lastKnownFileType = file.storyboard; name = Base; path = Base.lproj/Main.storyboard; sourceTree = "<group>"; };
		A91C80721A5085980055E57A /* Images.xcassets */ = {isa = PBXFileReference; lastKnownFileType = folder.assetcatalog; path = Images.xcassets; sourceTree = "<group>"; };
		A91C80751A5085980055E57A /* Base */ = {isa = PBXFileReference; lastKnownFileType = file.xib; name = Base; path = Base.lproj/LaunchScreen.xib; sourceTree = "<group>"; };
		A91C807B1A5085980055E57A /* TouchID2Tests.xctest */ = {isa = PBXFileReference; explicitFileType = wrapper.cfbundle; includeInIndex = 0; path = TouchID2Tests.xctest; sourceTree = BUILT_PRODUCTS_DIR; };
		A91C80801A5085980055E57A /* Info.plist */ = {isa = PBXFileReference; lastKnownFileType = text.plist.xml; path = Info.plist; sourceTree = "<group>"; };
		A91C80811A5085980055E57A /* TouchID2Tests.swift */ = {isa = PBXFileReference; lastKnownFileType = sourcecode.swift; path = TouchID2Tests.swift; sourceTree = "<group>"; };
/* End PBXFileReference section */

/* Begin PBXFrameworksBuildPhase section */
		A91C80631A5085980055E57A /* Frameworks */ = {
			isa = PBXFrameworksBuildPhase;
			buildActionMask = 2147483647;
			files = (
			);
			runOnlyForDeploymentPostprocessing = 0;
		};
		A91C80781A5085980055E57A /* Frameworks */ = {
			isa = PBXFrameworksBuildPhase;
			buildActionMask = 2147483647;
			files = (
			);
			runOnlyForDeploymentPostprocessing = 0;
		};
/* End PBXFrameworksBuildPhase section */

/* Begin PBXGroup section */
		A91C805D1A5085980055E57A = {
			isa = PBXGroup;
			children = (
				A91C80681A5085980055E57A /* TouchID2 */,
				A91C807E1A5085980055E57A /* TouchID2Tests */,
				A91C80671A5085980055E57A /* Products */,
			);
			sourceTree = "<group>";
		};
		A91C80671A5085980055E57A /* Products */ = {
			isa = PBXGroup;
			children = (
				A91C80661A5085980055E57A /* TouchID2.app */,
				A91C807B1A5085980055E57A /* TouchID2Tests.xctest */,
			);
			name = Products;
			sourceTree = "<group>";
		};
		A91C80681A5085980055E57A /* TouchID2 */ = {
			isa = PBXGroup;
			children = (
				A91C806B1A5085980055E57A /* AppDelegate.swift */,
				A91C806D1A5085980055E57A /* ViewController.swift */,
				A91C806F1A5085980055E57A /* Main.storyboard */,
				A91C80721A5085980055E57A /* Images.xcassets */,
				A91C80741A5085980055E57A /* LaunchScreen.xib */,
				A91C80691A5085980055E57A /* Supporting Files */,
			);
			path = TouchID2;
			sourceTree = "<group>";
		};
		A91C80691A5085980055E57A /* Supporting Files */ = {
			isa = PBXGroup;
			children = (
				A91C806A1A5085980055E57A /* Info.plist */,
			);
			name = "Supporting Files";
			sourceTree = "<group>";
		};
		A91C807E1A5085980055E57A /* TouchID2Tests */ = {
			isa = PBXGroup;
			children = (
				A91C80811A5085980055E57A /* TouchID2Tests.swift */,
				A91C807F1A5085980055E57A /* Supporting Files */,
			);
			path = TouchID2Tests;
			sourceTree = "<group>";
		};
		A91C807F1A5085980055E57A /* Supporting Files */ = {
			isa = PBXGroup;
			children = (
				A91C80801A5085980055E57A /* Info.plist */,
			);
			name = "Supporting Files";
			sourceTree = "<group>";
		};
/* End PBXGroup section */

/* Begin PBXNativeTarget section */
		A91C80651A5085980055E57A /* TouchID2 */ = {
			isa = PBXNativeTarget;
			buildConfigurationList = A91C80851A5085980055E57A /* Build configuration list for PBXNativeTarget "TouchID2" */;
			buildPhases = (
				A91C80621A5085980055E57A /* Sources */,
				A91C80631A5085980055E57A /* Frameworks */,
				A91C80641A5085980055E57A /* Resources */,
			);
			buildRules = (
			);
			dependencies = (
			);
			name = TouchID2;
			productName = TouchID2;
			productReference = A91C80661A5085980055E57A /* TouchID2.app */;
			productType = "com.apple.product-type.application";
		};
		A91C807A1A5085980055E57A /* TouchID2Tests */ = {
			isa = PBXNativeTarget;
			buildConfigurationList = A91C80881A5085980055E57A /* Build configuration list for PBXNativeTarget "TouchID2Tests" */;
			buildPhases = (
				A91C80771A5085980055E57A /* Sources */,
				A91C80781A5085980055E57A /* Frameworks */,
				A91C80791A5085980055E57A /* Resources */,
			);
			buildRules = (
			);
			dependencies = (
				A91C807D1A5085980055E57A /* PBXTargetDependency */,
			);
			name = TouchID2Tests;
			productName = TouchID2Tests;
			productReference = A91C807B1A5085980055E57A /* TouchID2Tests.xctest */;
			productType = "com.apple.product-type.bundle.unit-test";
		};
/* End PBXNativeTarget section */

/* Begin PBXProject section */
		A91C805E1A5085980055E57A /* Project object */ = {
			isa = PBXProject;
			attributes = {
				LastUpgradeCheck = 0610;
				ORGANIZATIONNAME = Alphaweb;
				TargetAttributes = {
					A91C80651A5085980055E57A = {
						CreatedOnToolsVersion = 6.1.1;
					};
					A91C807A1A5085980055E57A = {
						CreatedOnToolsVersion = 6.1.1;
						TestTargetID = A91C80651A5085980055E57A;
					};
				};
			};
			buildConfigurationList = A91C80611A5085980055E57A /* Build configuration list for PBXProject "TouchID2" */;
			compatibilityVersion = "Xcode 3.2";
			developmentRegion = English;
			hasScannedForEncodings = 0;
			knownRegions = (
				en,
				Base,
			);
			mainGroup = A91C805D1A5085980055E57A;
			productRefGroup = A91C80671A5085980055E57A /* Products */;
			projectDirPath = "";
			projectRoot = "";
			targets = (
				A91C80651A5085980055E57A /* TouchID2 */,
				A91C807A1A5085980055E57A /* TouchID2Tests */,
			);
		};
/* End PBXProject section */

/* Begin PBXResourcesBuildPhase section */
		A91C80641A5085980055E57A /* Resources */ = {
			isa = PBXResourcesBuildPhase;
			buildActionMask = 2147483647;
			files = (
				A91C80711A5085980055E57A /* Main.storyboard in Resources */,
				A91C80761A5085980055E57A /* LaunchScreen.xib in Resources */,
				A91C80731A5085980055E57A /* Images.xcassets in Resources */,
			);
			runOnlyForDeploymentPostprocessing = 0;
		};
		A91C80791A5085980055E57A /* Resources */ = {
			isa = PBXResourcesBuildPhase;
			buildActionMask = 2147483647;
			files = (
			);
			runOnlyForDeploymentPostprocessing = 0;
		};
/* End PBXResourcesBuildPhase section */

/* Begin PBXSourcesBuildPhase section */
		A91C80621A5085980055E57A /* Sources */ = {
			isa = PBXSourcesBuildPhase;
			buildActionMask = 2147483647;
			files = (
				A91C806E1A5085980055E57A /* ViewController.swift in Sources */,
				A91C806C1A5085980055E57A /* AppDelegate.swift in Sources */,
			);
			runOnlyForDeploymentPostprocessing = 0;
		};
		A91C80771A5085980055E57A /* Sources */ = {
			isa = PBXSourcesBuildPhase;
			buildActionMask = 2147483647;
			files = (
				A91C80821A5085980055E57A /* TouchID2Tests.swift in Sources */,
			);
			runOnlyForDeploymentPostprocessing = 0;
		};
/* End PBXSourcesBuildPhase section */

/* Begin PBXTargetDependency section */
		A91C807D1A5085980055E57A /* PBXTargetDependency */ = {
			isa = PBXTargetDependency;
			target = A91C80651A5085980055E57A /* TouchID2 */;
			targetProxy = A91C807C1A5085980055E57A /* PBXContainerItemProxy */;
		};
/* End PBXTargetDependency section */

/* Begin PBXVariantGroup section */
		A91C806F1A5085980055E57A /* Main.storyboard */ = {
			isa = PBXVariantGroup;
			children = (
				A91C80701A5085980055E57A /* Base */,
			);
			name = Main.storyboard;
			sourceTree = "<group>";
		};
		A91C80741A5085980055E57A /* LaunchScreen.xib */ = {
			isa = PBXVariantGroup;
			children = (
				A91C80751A5085980055E57A /* Base */,
			);
			name = LaunchScreen.xib;
			sourceTree = "<group>";
		};
/* End PBXVariantGroup section */

/* Begin XCBuildConfiguration section */
		A91C80831A5085980055E57A /* Debug */ = {
			isa = XCBuildConfiguration;
			buildSettings = {
				ALWAYS_SEARCH_USER_PATHS = NO;
				CLANG_CXX_LANGUAGE_STANDARD = "gnu++0x";
				CLANG_CXX_LIBRARY = "libc++";
				CLANG_ENABLE_MODULES = YES;
				CLANG_ENABLE_OBJC_ARC = YES;
				CLANG_WARN_BOOL_CONVERSION = YES;
				CLANG_WARN_CONSTANT_CONVERSION = YES;
				CLANG_WARN_DIRECT_OBJC_ISA_USAGE = YES_ERROR;
				CLANG_WARN_EMPTY_BODY = YES;
				CLANG_WARN_ENUM_CONVERSION = YES;
				CLANG_WARN_INT_CONVERSION = YES;
				CLANG_WARN_OBJC_ROOT_CLASS = YES_ERROR;
				CLANG_WARN_UNREACHABLE_CODE = YES;
				CLANG_WARN__DUPLICATE_METHOD_MATCH = YES;
				"CODE_SIGN_IDENTITY[sdk=iphoneos*]" = "iPhone Developer";
				COPY_PHASE_STRIP = NO;
				ENABLE_STRICT_OBJC_MSGSEND = YES;
				GCC_C_LANGUAGE_STANDARD = gnu99;
				GCC_DYNAMIC_NO_PIC = NO;
				GCC_OPTIMIZATION_LEVEL = 0;
				GCC_PREPROCESSOR_DEFINITIONS = (
					"DEBUG=1",
					"$(inherited)",
				);
				GCC_SYMBOLS_PRIVATE_EXTERN = NO;
				GCC_WARN_64_TO_32_BIT_CONVERSION = YES;
				GCC_WARN_ABOUT_RETURN_TYPE = YES_ERROR;
				GCC_WARN_UNDECLARED_SELECTOR = YES;
				GCC_WARN_UNINITIALIZED_AUTOS = YES_AGGRESSIVE;
				GCC_WARN_UNUSED_FUNCTION = YES;
				GCC_WARN_UNUSED_VARIABLE = YES;
				IPHONEOS_DEPLOYMENT_TARGET = 8.1;
				MTL_ENABLE_DEBUG_INFO = YES;
				ONLY_ACTIVE_ARCH = YES;
				SDKROOT = iphoneos;
				SWIFT_OPTIMIZATION_LEVEL = "-Onone";
				TARGETED_DEVICE_FAMILY = "1,2";
			};
			name = Debug;
		};
		A91C80841A5085980055E57A /* Release */ = {
			isa = XCBuildConfiguration;
			buildSettings = {
				ALWAYS_SEARCH_USER_PATHS = NO;
				CLANG_CXX_LANGUAGE_STANDARD = "gnu++0x";
				CLANG_CXX_LIBRARY = "libc++";
				CLANG_ENABLE_MODULES = YES;
				CLANG_ENABLE_OBJC_ARC = YES;
				CLANG_WARN_BOOL_CONVERSION = YES;
				CLANG_WARN_CONSTANT_CONVERSION = YES;
				CLANG_WARN_DIRECT_OBJC_ISA_USAGE = YES_ERROR;
				CLANG_WARN_EMPTY_BODY = YES;
				CLANG_WARN_ENUM_CONVERSION = YES;
				CLANG_WARN_INT_CONVERSION = YES;
				CLANG_WARN_OBJC_ROOT_CLASS = YES_ERROR;
				CLANG_WARN_UNREACHABLE_CODE = YES;
				CLANG_WARN__DUPLICATE_METHOD_MATCH = YES;
				"CODE_SIGN_IDENTITY[sdk=iphoneos*]" = "iPhone Developer";
				COPY_PHASE_STRIP = YES;
				ENABLE_NS_ASSERTIONS = NO;
				ENABLE_STRICT_OBJC_MSGSEND = YES;
				GCC_C_LANGUAGE_STANDARD = gnu99;
				GCC_WARN_64_TO_32_BIT_CONVERSION = YES;
				GCC_WARN_ABOUT_RETURN_TYPE = YES_ERROR;
				GCC_WARN_UNDECLARED_SELECTOR = YES;
				GCC_WARN_UNINITIALIZED_AUTOS = YES_AGGRESSIVE;
				GCC_WARN_UNUSED_FUNCTION = YES;
				GCC_WARN_UNUSED_VARIABLE = YES;
				IPHONEOS_DEPLOYMENT_TARGET = 8.1;
				MTL_ENABLE_DEBUG_INFO = NO;
				SDKROOT = iphoneos;
				TARGETED_DEVICE_FAMILY = "1,2";
				VALIDATE_PRODUCT = YES;
			};
			name = Release;
		};
		A91C80861A5085980055E57A /* Debug */ = {
			isa = XCBuildConfiguration;
			buildSettings = {
				ASSETCATALOG_COMPILER_APPICON_NAME = AppIcon;
				INFOPLIST_FILE = TouchID2/Info.plist;
				LD_RUNPATH_SEARCH_PATHS = "$(inherited) @executable_path/Frameworks";
				PRODUCT_NAME = "$(TARGET_NAME)";
			};
			name = Debug;
		};
		A91C80871A5085980055E57A /* Release */ = {
			isa = XCBuildConfiguration;
			buildSettings = {
				ASSETCATALOG_COMPILER_APPICON_NAME = AppIcon;
				INFOPLIST_FILE = TouchID2/Info.plist;
				LD_RUNPATH_SEARCH_PATHS = "$(inherited) @executable_path/Frameworks";
				PRODUCT_NAME = "$(TARGET_NAME)";
			};
			name = Release;
		};
		A91C80891A5085980055E57A /* Debug */ = {
			isa = XCBuildConfiguration;
			buildSettings = {
				BUNDLE_LOADER = "$(TEST_HOST)";
				FRAMEWORK_SEARCH_PATHS = (
					"$(SDKROOT)/Developer/Library/Frameworks",
					"$(inherited)",
				);
				GCC_PREPROCESSOR_DEFINITIONS = (
					"DEBUG=1",
					"$(inherited)",
				);
				INFOPLIST_FILE = TouchID2Tests/Info.plist;
				LD_RUNPATH_SEARCH_PATHS = "$(inherited) @executable_path/Frameworks @loader_path/Frameworks";
				PRODUCT_NAME = "$(TARGET_NAME)";
				TEST_HOST = "$(BUILT_PRODUCTS_DIR)/TouchID2.app/TouchID2";
			};
			name = Debug;
		};
		A91C808A1A5085980055E57A /* Release */ = {
			isa = XCBuildConfiguration;
			buildSettings = {
				BUNDLE_LOADER = "$(TEST_HOST)";
				FRAMEWORK_SEARCH_PATHS = (
					"$(SDKROOT)/Developer/Library/Frameworks",
					"$(inherited)",
				);
				INFOPLIST_FILE = TouchID2Tests/Info.plist;
				LD_RUNPATH_SEARCH_PATHS = "$(inherited) @executable_path/Frameworks @loader_path/Frameworks";
				PRODUCT_NAME = "$(TARGET_NAME)";
				TEST_HOST = "$(BUILT_PRODUCTS_DIR)/TouchID2.app/TouchID2";
			};
			name = Release;
		};
/* End XCBuildConfiguration section */

/* Begin XCConfigurationList section */
		A91C80611A5085980055E57A /* Build configuration list for PBXProject "TouchID2" */ = {
			isa = XCConfigurationList;
			buildConfigurations = (
				A91C80831A5085980055E57A /* Debug */,
				A91C80841A5085980055E57A /* Release */,
			);
			defaultConfigurationIsVisible = 0;
			defaultConfigurationName = Release;
		};
		A91C80851A5085980055E57A /* Build configuration list for PBXNativeTarget "TouchID2" */ = {
			isa = XCConfigurationList;
			buildConfigurations = (
				A91C80861A5085980055E57A /* Debug */,
				A91C80871A5085980055E57A /* Release */,
			);
			defaultConfigurationIsVisible = 0;
		};
		A91C80881A5085980055E57A /* Build configuration list for PBXNativeTarget "TouchID2Tests" */ = {
			isa = XCConfigurationList;
			buildConfigurations = (
				A91C80891A5085980055E57A /* Debug */,
				A91C808A1A5085980055E57A /* Release */,
			);
			defaultConfigurationIsVisible = 0;
		};
/* End XCConfigurationList section */
	};
	rootObject = A91C805E1A5085980055E57A /* Project object */;
}
